// !$*UTF8*$!
{
	archiveVersion = 1;
	classes = {
	};
	objectVersion = 46;
	objects = {

/* Begin PBXBuildFile section */
		A78608421E697430009E902C /* image_manipulation.cpp in Sources */ = {isa = PBXBuildFile; fileRef = A786083F1E697430009E902C /* image_manipulation.cpp */; };
		A78608431E697430009E902C /* main.cpp in Sources */ = {isa = PBXBuildFile; fileRef = A78608411E697430009E902C /* main.cpp */; };
/* End PBXBuildFile section */

/* Begin PBXCopyFilesBuildPhase section */
		A7E9DFA21DB932B800AB4FB4 /* CopyFiles */ = {
			isa = PBXCopyFilesBuildPhase;
			buildActionMask = 2147483647;
			dstPath = /usr/share/man/man1/;
			dstSubfolderSpec = 0;
			files = (
			);
			runOnlyForDeploymentPostprocessing = 1;
		};
/* End PBXCopyFilesBuildPhase section */

/* Begin PBXFileReference section */
		A786083F1E697430009E902C /* image_manipulation.cpp */ = {isa = PBXFileReference; fileEncoding = 4; lastKnownFileType = sourcecode.cpp.cpp; name = image_manipulation.cpp; path = ../../OpenCV_Ampel/OpenCV_Ampel/image_manipulation.cpp; sourceTree = "<group>"; };
		A78608401E697430009E902C /* image_manipulation.h */ = {isa = PBXFileReference; fileEncoding = 4; lastKnownFileType = sourcecode.c.h; name = image_manipulation.h; path = ../../OpenCV_Ampel/OpenCV_Ampel/image_manipulation.h; sourceTree = "<group>"; };
		A78608411E697430009E902C /* main.cpp */ = {isa = PBXFileReference; fileEncoding = 4; lastKnownFileType = sourcecode.cpp.cpp; name = main.cpp; path = ../../OpenCV_Ampel/OpenCV_Ampel/main.cpp; sourceTree = "<group>"; };
		A7E9DFA41DB932B800AB4FB4 /* OpenCV_Ampel */ = {isa = PBXFileReference; explicitFileType = "compiled.mach-o.executable"; includeInIndex = 0; path = OpenCV_Ampel; sourceTree = BUILT_PRODUCTS_DIR; };
/* End PBXFileReference section */

/* Begin PBXFrameworksBuildPhase section */
		A7E9DFA11DB932B800AB4FB4 /* Frameworks */ = {
			isa = PBXFrameworksBuildPhase;
			buildActionMask = 2147483647;
			files = (
			);
			runOnlyForDeploymentPostprocessing = 0;
		};
/* End PBXFrameworksBuildPhase section */

/* Begin PBXGroup section */
		A7E9DF9B1DB932B700AB4FB4 = {
			isa = PBXGroup;
			children = (
				A7E9DFA61DB932B800AB4FB4 /* OpenCV_Ampel */,
				A7E9DFA51DB932B800AB4FB4 /* Products */,
			);
			sourceTree = "<group>";
		};
		A7E9DFA51DB932B800AB4FB4 /* Products */ = {
			isa = PBXGroup;
			children = (
				A7E9DFA41DB932B800AB4FB4 /* OpenCV_Ampel */,
			);
			name = Products;
			sourceTree = "<group>";
		};
		A7E9DFA61DB932B800AB4FB4 /* OpenCV_Ampel */ = {
			isa = PBXGroup;
			children = (
				A786083F1E697430009E902C /* image_manipulation.cpp */,
				A78608401E697430009E902C /* image_manipulation.h */,
				A78608411E697430009E902C /* main.cpp */,
			);
			name = OpenCV_Ampel;
			path = OpenCV3_Example1;
			sourceTree = "<group>";
		};
/* End PBXGroup section */

/* Begin PBXNativeTarget section */
		A7E9DFA31DB932B800AB4FB4 /* OpenCV_Ampel */ = {
			isa = PBXNativeTarget;
			buildConfigurationList = A7E9DFAB1DB932B800AB4FB4 /* Build configuration list for PBXNativeTarget "OpenCV_Ampel" */;
			buildPhases = (
				A7E9DFA01DB932B800AB4FB4 /* Sources */,
				A7E9DFA11DB932B800AB4FB4 /* Frameworks */,
				A7E9DFA21DB932B800AB4FB4 /* CopyFiles */,
			);
			buildRules = (
			);
			dependencies = (
			);
			name = OpenCV_Ampel;
			productName = OpenCV3_Example1;
			productReference = A7E9DFA41DB932B800AB4FB4 /* OpenCV_Ampel */;
			productType = "com.apple.product-type.tool";
		};
/* End PBXNativeTarget section */

/* Begin PBXProject section */
		A7E9DF9C1DB932B700AB4FB4 /* Project object */ = {
			isa = PBXProject;
			attributes = {
				LastUpgradeCheck = 0810;
				ORGANIZATIONNAME = "Valentin Schuler";
				TargetAttributes = {
					A7E9DFA31DB932B800AB4FB4 = {
						CreatedOnToolsVersion = 8.0;
						DevelopmentTeam = PY5VJ34X6S;
						ProvisioningStyle = Automatic;
					};
				};
			};
			buildConfigurationList = A7E9DF9F1DB932B700AB4FB4 /* Build configuration list for PBXProject "OpenCV_Ampel" */;
			compatibilityVersion = "Xcode 3.2";
			developmentRegion = English;
			hasScannedForEncodings = 0;
			knownRegions = (
				en,
			);
			mainGroup = A7E9DF9B1DB932B700AB4FB4;
			productRefGroup = A7E9DFA51DB932B800AB4FB4 /* Products */;
			projectDirPath = "";
			projectRoot = "";
			targets = (
				A7E9DFA31DB932B800AB4FB4 /* OpenCV_Ampel */,
			);
		};
/* End PBXProject section */

/* Begin PBXSourcesBuildPhase section */
		A7E9DFA01DB932B800AB4FB4 /* Sources */ = {
			isa = PBXSourcesBuildPhase;
			buildActionMask = 2147483647;
			files = (
				A78608431E697430009E902C /* main.cpp in Sources */,
				A78608421E697430009E902C /* image_manipulation.cpp in Sources */,
			);
			runOnlyForDeploymentPostprocessing = 0;
		};
/* End PBXSourcesBuildPhase section */

/* Begin XCBuildConfiguration section */
		A7E9DFA91DB932B800AB4FB4 /* Debug */ = {
			isa = XCBuildConfiguration;
			buildSettings = {
				ALWAYS_SEARCH_USER_PATHS = NO;
				CLANG_ANALYZER_NONNULL = YES;
				CLANG_CXX_LANGUAGE_STANDARD = "gnu++0x";
				CLANG_CXX_LIBRARY = "libc++";
				CLANG_ENABLE_MODULES = YES;
				CLANG_ENABLE_OBJC_ARC = YES;
				CLANG_WARN_BOOL_CONVERSION = YES;
				CLANG_WARN_CONSTANT_CONVERSION = YES;
				CLANG_WARN_DIRECT_OBJC_ISA_USAGE = YES_ERROR;
				CLANG_WARN_DOCUMENTATION_COMMENTS = YES;
				CLANG_WARN_EMPTY_BODY = YES;
				CLANG_WARN_ENUM_CONVERSION = YES;
				CLANG_WARN_INFINITE_RECURSION = YES;
				CLANG_WARN_INT_CONVERSION = YES;
				CLANG_WARN_OBJC_ROOT_CLASS = YES_ERROR;
				CLANG_WARN_SUSPICIOUS_MOVE = YES;
				CLANG_WARN_SUSPICIOUS_MOVES = YES;
				CLANG_WARN_UNREACHABLE_CODE = YES;
				CLANG_WARN__DUPLICATE_METHOD_MATCH = YES;
				CODE_SIGN_IDENTITY = "-";
				COPY_PHASE_STRIP = NO;
				DEBUG_INFORMATION_FORMAT = dwarf;
				ENABLE_STRICT_OBJC_MSGSEND = YES;
				ENABLE_TESTABILITY = YES;
				GCC_C_LANGUAGE_STANDARD = gnu99;
				GCC_DYNAMIC_NO_PIC = NO;
				GCC_NO_COMMON_BLOCKS = YES;
				GCC_OPTIMIZATION_LEVEL = 0;
				GCC_PREPROCESSOR_DEFINITIONS = (
					"DEBUG=1",
					"$(inherited)",
				);
				GCC_WARN_64_TO_32_BIT_CONVERSION = YES;
				GCC_WARN_ABOUT_RETURN_TYPE = YES_ERROR;
				GCC_WARN_UNDECLARED_SELECTOR = YES;
				GCC_WARN_UNINITIALIZED_AUTOS = YES_AGGRESSIVE;
				GCC_WARN_UNUSED_FUNCTION = YES;
				GCC_WARN_UNUSED_VARIABLE = YES;
				MACOSX_DEPLOYMENT_TARGET = 10.11;
				MTL_ENABLE_DEBUG_INFO = YES;
				ONLY_ACTIVE_ARCH = YES;
				SDKROOT = macosx;
			};
			name = Debug;
		};
		A7E9DFAA1DB932B800AB4FB4 /* Release */ = {
			isa = XCBuildConfiguration;
			buildSettings = {
				ALWAYS_SEARCH_USER_PATHS = NO;
				CLANG_ANALYZER_NONNULL = YES;
				CLANG_CXX_LANGUAGE_STANDARD = "gnu++0x";
				CLANG_CXX_LIBRARY = "libc++";
				CLANG_ENABLE_MODULES = YES;
				CLANG_ENABLE_OBJC_ARC = YES;
				CLANG_WARN_BOOL_CONVERSION = YES;
				CLANG_WARN_CONSTANT_CONVERSION = YES;
				CLANG_WARN_DIRECT_OBJC_ISA_USAGE = YES_ERROR;
				CLANG_WARN_DOCUMENTATION_COMMENTS = YES;
				CLANG_WARN_EMPTY_BODY = YES;
				CLANG_WARN_ENUM_CONVERSION = YES;
				CLANG_WARN_INFINITE_RECURSION = YES;
				CLANG_WARN_INT_CONVERSION = YES;
				CLANG_WARN_OBJC_ROOT_CLASS = YES_ERROR;
				CLANG_WARN_SUSPICIOUS_MOVE = YES;
				CLANG_WARN_SUSPICIOUS_MOVES = YES;
				CLANG_WARN_UNREACHABLE_CODE = YES;
				CLANG_WARN__DUPLICATE_METHOD_MATCH = YES;
				CODE_SIGN_IDENTITY = "-";
				COPY_PHASE_STRIP = NO;
				DEBUG_INFORMATION_FORMAT = "dwarf-with-dsym";
				ENABLE_NS_ASSERTIONS = NO;
				ENABLE_STRICT_OBJC_MSGSEND = YES;
				GCC_C_LANGUAGE_STANDARD = gnu99;
				GCC_NO_COMMON_BLOCKS = YES;
				GCC_WARN_64_TO_32_BIT_CONVERSION = YES;
				GCC_WARN_ABOUT_RETURN_TYPE = YES_ERROR;
				GCC_WARN_UNDECLARED_SELECTOR = YES;
				GCC_WARN_UNINITIALIZED_AUTOS = YES_AGGRESSIVE;
				GCC_WARN_UNUSED_FUNCTION = YES;
				GCC_WARN_UNUSED_VARIABLE = YES;
				MACOSX_DEPLOYMENT_TARGET = 10.11;
				MTL_ENABLE_DEBUG_INFO = NO;
				SDKROOT = macosx;
			};
			name = Release;
		};
		A7E9DFAC1DB932B800AB4FB4 /* Debug */ = {
			isa = XCBuildConfiguration;
			buildSettings = {
				DEVELOPMENT_TEAM = PY5VJ34X6S;
				HEADER_SEARCH_PATHS = /usr/local/include;
				LIBRARY_SEARCH_PATHS = /usr/local/lib;
				OTHER_LDFLAGS = (
					"-lopencv_calib3d",
					"-lopencv_core",
					"-lopencv_features2d",
					"-lopencv_flann",
					"-lopencv_highgui",
					"-lopencv_imgcodecs",
					"-lopencv_imgproc",
					"-lopencv_ml",
					"-lopencv_objdetect",
					"-lopencv_photo",
					"-lopencv_shape",
					"-lopencv_stitching",
					"-lopencv_superres",
					"-lopencv_ts",
					"-lopencv_video",
					"-lopencv_videoio",
					"-lopencv_videostab",
				);
				PRODUCT_NAME = "$(TARGET_NAME)";
			};
			name = Debug;
		};
		A7E9DFAD1DB932B800AB4FB4 /* Release */ = {
			isa = XCBuildConfiguration;
			buildSettings = {
				DEVELOPMENT_TEAM = PY5VJ34X6S;
				HEADER_SEARCH_PATHS = /usr/local/include;
				LIBRARY_SEARCH_PATHS = /usr/local/lib;
				OTHER_LDFLAGS = (
					"-lopencv_calib3d",
					"-lopencv_core",
					"-lopencv_features2d",
					"-lopencv_flann",
					"-lopencv_highgui",
					"-lopencv_imgcodecs",
					"-lopencv_imgproc",
					"-lopencv_ml",
					"-lopencv_objdetect",
					"-lopencv_photo",
					"-lopencv_shape",
					"-lopencv_stitching",
					"-lopencv_superres",
					"-lopencv_ts",
					"-lopencv_video",
					"-lopencv_videoio",
					"-lopencv_videostab",
				);
				PRODUCT_NAME = "$(TARGET_NAME)";
			};
			name = Release;
		};
/* End XCBuildConfiguration section */

/* Begin XCConfigurationList section */
		A7E9DF9F1DB932B700AB4FB4 /* Build configuration list for PBXProject "OpenCV_Ampel" */ = {
			isa = XCConfigurationList;
			buildConfigurations = (
				A7E9DFA91DB932B800AB4FB4 /* Debug */,
				A7E9DFAA1DB932B800AB4FB4 /* Release */,
			);
			defaultConfigurationIsVisible = 0;
			defaultConfigurationName = Release;
		};
		A7E9DFAB1DB932B800AB4FB4 /* Build configuration list for PBXNativeTarget "OpenCV_Ampel" */ = {
			isa = XCConfigurationList;
			buildConfigurations = (
				A7E9DFAC1DB932B800AB4FB4 /* Debug */,
				A7E9DFAD1DB932B800AB4FB4 /* Release */,
			);
			defaultConfigurationIsVisible = 0;
			defaultConfigurationName = Release;
		};
/* End XCConfigurationList section */
	};
	rootObject = A7E9DF9C1DB932B700AB4FB4 /* Project object */;
}
